// !$*UTF8*$!
{
	archiveVersion = 1;
	classes = {
	};
	objectVersion = 56;
	objects = {

/* Begin PBXBuildFile section */
		43456AC62996C1A500208E77 /* SubthemeRowView.swift in Sources */ = {isa = PBXBuildFile; fileRef = 43456AC52996C1A500208E77 /* SubthemeRowView.swift */; };
		43B0811E29957FB100597E2E /* SF Pro Display Black.ttf in Resources */ = {isa = PBXBuildFile; fileRef = 43B0811D29957FB100597E2E /* SF Pro Display Black.ttf */; };
		DF3BD2F62992D4FB006D5E9D /* SubthemesService.swift in Sources */ = {isa = PBXBuildFile; fileRef = DF3BD2F52992D4FB006D5E9D /* SubthemesService.swift */; };
		DF635873299AA648009AB48E /* OneSetView.swift in Sources */ = {isa = PBXBuildFile; fileRef = DF635872299AA648009AB48E /* OneSetView.swift */; };
		DF635875299AA6FE009AB48E /* SetRowView.swift in Sources */ = {isa = PBXBuildFile; fileRef = DF635874299AA6FE009AB48E /* SetRowView.swift */; };
		DF635877299AD089009AB48E /* LaunchScreen.storyboard in Resources */ = {isa = PBXBuildFile; fileRef = DF635876299ACD71009AB48E /* LaunchScreen.storyboard */; };
		DFDF8ABE298D8AEC00438478 /* ThemeModel.swift in Sources */ = {isa = PBXBuildFile; fileRef = DFDF8ABD298D8AEC00438478 /* ThemeModel.swift */; };
		DFDF8AC0298D9DB800438478 /* SubthemeModel.swift in Sources */ = {isa = PBXBuildFile; fileRef = DFDF8ABF298D9DB800438478 /* SubthemeModel.swift */; };
		DFDF8AC3298D9E7200438478 /* SetModel.swift in Sources */ = {isa = PBXBuildFile; fileRef = DFDF8AC2298D9E7200438478 /* SetModel.swift */; };
		DFE56FEA29916B37009E367C /* HomeViewModel.swift in Sources */ = {isa = PBXBuildFile; fileRef = DFE56FE929916B37009E367C /* HomeViewModel.swift */; };
		DFE56FED29916CBD009E367C /* ThemesService.swift in Sources */ = {isa = PBXBuildFile; fileRef = DFE56FEC29916CBD009E367C /* ThemesService.swift */; };
		DFEAAEEB298AFC2E00A98B8A /* NanoAPIApp.swift in Sources */ = {isa = PBXBuildFile; fileRef = DFEAAEEA298AFC2E00A98B8A /* NanoAPIApp.swift */; };
		DFEAAEED298AFC2E00A98B8A /* HomeView.swift in Sources */ = {isa = PBXBuildFile; fileRef = DFEAAEEC298AFC2E00A98B8A /* HomeView.swift */; };
		DFEAAEEF298AFC2F00A98B8A /* Assets.xcassets in Resources */ = {isa = PBXBuildFile; fileRef = DFEAAEEE298AFC2F00A98B8A /* Assets.xcassets */; };
		DFEAAEF2298AFC2F00A98B8A /* Preview Assets.xcassets in Resources */ = {isa = PBXBuildFile; fileRef = DFEAAEF1298AFC2F00A98B8A /* Preview Assets.xcassets */; };
		DFEB266429943ACE0087311A /* ThemeRowView.swift in Sources */ = {isa = PBXBuildFile; fileRef = DFEB266329943ACE0087311A /* ThemeRowView.swift */; };
		DFEBC93A2996C4A600AA5703 /* SetsService.swift in Sources */ = {isa = PBXBuildFile; fileRef = DFEBC9392996C4A600AA5703 /* SetsService.swift */; };
		DFEBC93C2996C77F00AA5703 /* SetsView.swift in Sources */ = {isa = PBXBuildFile; fileRef = DFEBC93B2996C77F00AA5703 /* SetsView.swift */; };
		DFFF178A2992BF0B002B8760 /* SubthemeView.swift in Sources */ = {isa = PBXBuildFile; fileRef = DFFF17892992BF0B002B8760 /* SubthemeView.swift */; };
/* End PBXBuildFile section */

/* Begin PBXFileReference section */
		43456AC52996C1A500208E77 /* SubthemeRowView.swift */ = {isa = PBXFileReference; lastKnownFileType = sourcecode.swift; path = SubthemeRowView.swift; sourceTree = "<group>"; };
		43B0811D29957FB100597E2E /* SF Pro Display Black.ttf */ = {isa = PBXFileReference; lastKnownFileType = file; path = "SF Pro Display Black.ttf"; sourceTree = "<group>"; };
		DF3BD2F52992D4FB006D5E9D /* SubthemesService.swift */ = {isa = PBXFileReference; lastKnownFileType = sourcecode.swift; path = SubthemesService.swift; sourceTree = "<group>"; };
		DF3BD2F72992F184006D5E9D /* Config.xcconfig */ = {isa = PBXFileReference; lastKnownFileType = text.xcconfig; path = Config.xcconfig; sourceTree = "<group>"; };
		DF3BD2F82992F1BC006D5E9D /* Info.plist */ = {isa = PBXFileReference; lastKnownFileType = text.plist; path = Info.plist; sourceTree = "<group>"; };
		DF635872299AA648009AB48E /* OneSetView.swift */ = {isa = PBXFileReference; lastKnownFileType = sourcecode.swift; path = OneSetView.swift; sourceTree = "<group>"; };
		DF635874299AA6FE009AB48E /* SetRowView.swift */ = {isa = PBXFileReference; lastKnownFileType = sourcecode.swift; path = SetRowView.swift; sourceTree = "<group>"; };
		DF635876299ACD71009AB48E /* LaunchScreen.storyboard */ = {isa = PBXFileReference; lastKnownFileType = file.storyboard; path = LaunchScreen.storyboard; sourceTree = "<group>"; };
		DFDF8ABD298D8AEC00438478 /* ThemeModel.swift */ = {isa = PBXFileReference; lastKnownFileType = sourcecode.swift; path = ThemeModel.swift; sourceTree = "<group>"; };
		DFDF8ABF298D9DB800438478 /* SubthemeModel.swift */ = {isa = PBXFileReference; lastKnownFileType = sourcecode.swift; path = SubthemeModel.swift; sourceTree = "<group>"; };
		DFDF8AC2298D9E7200438478 /* SetModel.swift */ = {isa = PBXFileReference; lastKnownFileType = sourcecode.swift; path = SetModel.swift; sourceTree = "<group>"; };
		DFE56FE929916B37009E367C /* HomeViewModel.swift */ = {isa = PBXFileReference; lastKnownFileType = sourcecode.swift; path = HomeViewModel.swift; sourceTree = "<group>"; };
		DFE56FEC29916CBD009E367C /* ThemesService.swift */ = {isa = PBXFileReference; lastKnownFileType = sourcecode.swift; path = ThemesService.swift; sourceTree = "<group>"; };
		DFEAAEE7298AFC2E00A98B8A /* NanoAPI.app */ = {isa = PBXFileReference; explicitFileType = wrapper.application; includeInIndex = 0; path = NanoAPI.app; sourceTree = BUILT_PRODUCTS_DIR; };
		DFEAAEEA298AFC2E00A98B8A /* NanoAPIApp.swift */ = {isa = PBXFileReference; lastKnownFileType = sourcecode.swift; path = NanoAPIApp.swift; sourceTree = "<group>"; };
		DFEAAEEC298AFC2E00A98B8A /* HomeView.swift */ = {isa = PBXFileReference; lastKnownFileType = sourcecode.swift; path = HomeView.swift; sourceTree = "<group>"; };
		DFEAAEEE298AFC2F00A98B8A /* Assets.xcassets */ = {isa = PBXFileReference; lastKnownFileType = folder.assetcatalog; path = Assets.xcassets; sourceTree = "<group>"; };
		DFEAAEF1298AFC2F00A98B8A /* Preview Assets.xcassets */ = {isa = PBXFileReference; lastKnownFileType = folder.assetcatalog; path = "Preview Assets.xcassets"; sourceTree = "<group>"; };
		DFEB266329943ACE0087311A /* ThemeRowView.swift */ = {isa = PBXFileReference; lastKnownFileType = sourcecode.swift; path = ThemeRowView.swift; sourceTree = "<group>"; };
		DFEBC9392996C4A600AA5703 /* SetsService.swift */ = {isa = PBXFileReference; lastKnownFileType = sourcecode.swift; path = SetsService.swift; sourceTree = "<group>"; };
		DFEBC93B2996C77F00AA5703 /* SetsView.swift */ = {isa = PBXFileReference; lastKnownFileType = sourcecode.swift; path = SetsView.swift; sourceTree = "<group>"; };
		DFFF17892992BF0B002B8760 /* SubthemeView.swift */ = {isa = PBXFileReference; lastKnownFileType = sourcecode.swift; path = SubthemeView.swift; sourceTree = "<group>"; };
/* End PBXFileReference section */

/* Begin PBXFrameworksBuildPhase section */
		DFEAAEE4298AFC2E00A98B8A /* Frameworks */ = {
			isa = PBXFrameworksBuildPhase;
			buildActionMask = 2147483647;
			files = (
			);
			runOnlyForDeploymentPostprocessing = 0;
		};
/* End PBXFrameworksBuildPhase section */

/* Begin PBXGroup section */
		DFDF8ABC298D8AC300438478 /* Models */ = {
			isa = PBXGroup;
			children = (
				DFDF8ABD298D8AEC00438478 /* ThemeModel.swift */,
				DFDF8ABF298D9DB800438478 /* SubthemeModel.swift */,
				DFDF8AC2298D9E7200438478 /* SetModel.swift */,
			);
			path = Models;
			sourceTree = "<group>";
		};
		DFE56FE729916AFC009E367C /* Core */ = {
			isa = PBXGroup;
			children = (
				DFE56FEB29916C9F009E367C /* Servicos */,
				DFE56FE829916B0C009E367C /* ViewModels */,
			);
			path = Core;
			sourceTree = "<group>";
		};
		DFE56FE829916B0C009E367C /* ViewModels */ = {
			isa = PBXGroup;
			children = (
				DFE56FE929916B37009E367C /* HomeViewModel.swift */,
			);
			path = ViewModels;
			sourceTree = "<group>";
		};
		DFE56FEB29916C9F009E367C /* Servicos */ = {
			isa = PBXGroup;
			children = (
				DFE56FEC29916CBD009E367C /* ThemesService.swift */,
				DF3BD2F52992D4FB006D5E9D /* SubthemesService.swift */,
				DFEBC9392996C4A600AA5703 /* SetsService.swift */,
			);
			path = Servicos;
			sourceTree = "<group>";
		};
		DFEAAEDE298AFC2E00A98B8A = {
			isa = PBXGroup;
			children = (
				DF3BD2F72992F184006D5E9D /* Config.xcconfig */,
				DF635876299ACD71009AB48E /* LaunchScreen.storyboard */,
				DFEAAEE9298AFC2E00A98B8A /* NanoAPI */,
				DFEAAEE8298AFC2E00A98B8A /* Products */,
			);
			sourceTree = "<group>";
		};
		DFEAAEE8298AFC2E00A98B8A /* Products */ = {
			isa = PBXGroup;
			children = (
				DFEAAEE7298AFC2E00A98B8A /* NanoAPI.app */,
			);
			name = Products;
			sourceTree = "<group>";
		};
		DFEAAEE9298AFC2E00A98B8A /* NanoAPI */ = {
			isa = PBXGroup;
			children = (
				DF3BD2F82992F1BC006D5E9D /* Info.plist */,
				DFEAAEEA298AFC2E00A98B8A /* NanoAPIApp.swift */,
				DFE56FE729916AFC009E367C /* Core */,
				DFDF8ABC298D8AC300438478 /* Models */,
				DFFF17882992BE2D002B8760 /* Views */,
				DFEAAEEE298AFC2F00A98B8A /* Assets.xcassets */,
				43B0811D29957FB100597E2E /* SF Pro Display Black.ttf */,
				DFEAAEF0298AFC2F00A98B8A /* Preview Content */,
			);
			path = NanoAPI;
			sourceTree = "<group>";
		};
		DFEAAEF0298AFC2F00A98B8A /* Preview Content */ = {
			isa = PBXGroup;
			children = (
				DFEAAEF1298AFC2F00A98B8A /* Preview Assets.xcassets */,
			);
			path = "Preview Content";
			sourceTree = "<group>";
		};
		DFFF17882992BE2D002B8760 /* Views */ = {
			isa = PBXGroup;
			children = (
				DFEAAEEC298AFC2E00A98B8A /* HomeView.swift */,
				DFFF17892992BF0B002B8760 /* SubthemeView.swift */,
				DFEBC93B2996C77F00AA5703 /* SetsView.swift */,
				DF635872299AA648009AB48E /* OneSetView.swift */,
				DFEB266329943ACE0087311A /* ThemeRowView.swift */,
				43456AC52996C1A500208E77 /* SubthemeRowView.swift */,
				DF635874299AA6FE009AB48E /* SetRowView.swift */,
			);
			path = Views;
			sourceTree = "<group>";
		};
/* End PBXGroup section */

/* Begin PBXNativeTarget section */
		DFEAAEE6298AFC2E00A98B8A /* NanoAPI */ = {
			isa = PBXNativeTarget;
			buildConfigurationList = DFEAAEF5298AFC2F00A98B8A /* Build configuration list for PBXNativeTarget "NanoAPI" */;
			buildPhases = (
				DFEAAEE3298AFC2E00A98B8A /* Sources */,
				DFEAAEE4298AFC2E00A98B8A /* Frameworks */,
				DFEAAEE5298AFC2E00A98B8A /* Resources */,
			);
			buildRules = (
			);
			dependencies = (
			);
			name = NanoAPI;
			productName = NanoAPI;
			productReference = DFEAAEE7298AFC2E00A98B8A /* NanoAPI.app */;
			productType = "com.apple.product-type.application";
		};
/* End PBXNativeTarget section */

/* Begin PBXProject section */
		DFEAAEDF298AFC2E00A98B8A /* Project object */ = {
			isa = PBXProject;
			attributes = {
				BuildIndependentTargetsInParallel = 1;
				LastSwiftUpdateCheck = 1420;
				LastUpgradeCheck = 1420;
				TargetAttributes = {
					DFEAAEE6298AFC2E00A98B8A = {
						CreatedOnToolsVersion = 14.2;
					};
				};
			};
			buildConfigurationList = DFEAAEE2298AFC2E00A98B8A /* Build configuration list for PBXProject "NanoAPI" */;
			compatibilityVersion = "Xcode 14.0";
			developmentRegion = en;
			hasScannedForEncodings = 0;
			knownRegions = (
				en,
				Base,
			);
			mainGroup = DFEAAEDE298AFC2E00A98B8A;
			productRefGroup = DFEAAEE8298AFC2E00A98B8A /* Products */;
			projectDirPath = "";
			projectRoot = "";
			targets = (
				DFEAAEE6298AFC2E00A98B8A /* NanoAPI */,
			);
		};
/* End PBXProject section */

/* Begin PBXResourcesBuildPhase section */
		DFEAAEE5298AFC2E00A98B8A /* Resources */ = {
			isa = PBXResourcesBuildPhase;
			buildActionMask = 2147483647;
			files = (
				DFEAAEF2298AFC2F00A98B8A /* Preview Assets.xcassets in Resources */,
				DF635877299AD089009AB48E /* LaunchScreen.storyboard in Resources */,
				DFEAAEEF298AFC2F00A98B8A /* Assets.xcassets in Resources */,
				43B0811E29957FB100597E2E /* SF Pro Display Black.ttf in Resources */,
			);
			runOnlyForDeploymentPostprocessing = 0;
		};
/* End PBXResourcesBuildPhase section */

/* Begin PBXSourcesBuildPhase section */
		DFEAAEE3298AFC2E00A98B8A /* Sources */ = {
			isa = PBXSourcesBuildPhase;
			buildActionMask = 2147483647;
			files = (
				DFEBC93A2996C4A600AA5703 /* SetsService.swift in Sources */,
				DFDF8ABE298D8AEC00438478 /* ThemeModel.swift in Sources */,
				DF635873299AA648009AB48E /* OneSetView.swift in Sources */,
				DFEB266429943ACE0087311A /* ThemeRowView.swift in Sources */,
				DF3BD2F62992D4FB006D5E9D /* SubthemesService.swift in Sources */,
				DFE56FEA29916B37009E367C /* HomeViewModel.swift in Sources */,
				DFEBC93C2996C77F00AA5703 /* SetsView.swift in Sources */,
				DFDF8AC0298D9DB800438478 /* SubthemeModel.swift in Sources */,
				DFDF8AC3298D9E7200438478 /* SetModel.swift in Sources */,
				DFEAAEED298AFC2E00A98B8A /* HomeView.swift in Sources */,
				DF635875299AA6FE009AB48E /* SetRowView.swift in Sources */,
				DFFF178A2992BF0B002B8760 /* SubthemeView.swift in Sources */,
				DFEAAEEB298AFC2E00A98B8A /* NanoAPIApp.swift in Sources */,
				43456AC62996C1A500208E77 /* SubthemeRowView.swift in Sources */,
				DFE56FED29916CBD009E367C /* ThemesService.swift in Sources */,
			);
			runOnlyForDeploymentPostprocessing = 0;
		};
/* End PBXSourcesBuildPhase section */

/* Begin XCBuildConfiguration section */
		DFEAAEF3298AFC2F00A98B8A /* Debug */ = {
			isa = XCBuildConfiguration;
			baseConfigurationReference = DF3BD2F72992F184006D5E9D /* Config.xcconfig */;
			buildSettings = {
				ALWAYS_SEARCH_USER_PATHS = NO;
				CLANG_ANALYZER_NONNULL = YES;
				CLANG_ANALYZER_NUMBER_OBJECT_CONVERSION = YES_AGGRESSIVE;
				CLANG_CXX_LANGUAGE_STANDARD = "gnu++20";
				CLANG_ENABLE_MODULES = YES;
				CLANG_ENABLE_OBJC_ARC = YES;
				CLANG_ENABLE_OBJC_WEAK = YES;
				CLANG_WARN_BLOCK_CAPTURE_AUTORELEASING = YES;
				CLANG_WARN_BOOL_CONVERSION = YES;
				CLANG_WARN_COMMA = YES;
				CLANG_WARN_CONSTANT_CONVERSION = YES;
				CLANG_WARN_DEPRECATED_OBJC_IMPLEMENTATIONS = YES;
				CLANG_WARN_DIRECT_OBJC_ISA_USAGE = YES_ERROR;
				CLANG_WARN_DOCUMENTATION_COMMENTS = YES;
				CLANG_WARN_EMPTY_BODY = YES;
				CLANG_WARN_ENUM_CONVERSION = YES;
				CLANG_WARN_INFINITE_RECURSION = YES;
				CLANG_WARN_INT_CONVERSION = YES;
				CLANG_WARN_NON_LITERAL_NULL_CONVERSION = YES;
				CLANG_WARN_OBJC_IMPLICIT_RETAIN_SELF = YES;
				CLANG_WARN_OBJC_LITERAL_CONVERSION = YES;
				CLANG_WARN_OBJC_ROOT_CLASS = YES_ERROR;
				CLANG_WARN_QUOTED_INCLUDE_IN_FRAMEWORK_HEADER = YES;
				CLANG_WARN_RANGE_LOOP_ANALYSIS = YES;
				CLANG_WARN_STRICT_PROTOTYPES = YES;
				CLANG_WARN_SUSPICIOUS_MOVE = YES;
				CLANG_WARN_UNGUARDED_AVAILABILITY = YES_AGGRESSIVE;
				CLANG_WARN_UNREACHABLE_CODE = YES;
				CLANG_WARN__DUPLICATE_METHOD_MATCH = YES;
				COPY_PHASE_STRIP = NO;
				DEBUG_INFORMATION_FORMAT = dwarf;
				ENABLE_STRICT_OBJC_MSGSEND = YES;
				ENABLE_TESTABILITY = YES;
				GCC_C_LANGUAGE_STANDARD = gnu11;
				GCC_DYNAMIC_NO_PIC = NO;
				GCC_NO_COMMON_BLOCKS = YES;
				GCC_OPTIMIZATION_LEVEL = 0;
				GCC_PREPROCESSOR_DEFINITIONS = (
					"DEBUG=1",
					"$(inherited)",
				);
				GCC_WARN_64_TO_32_BIT_CONVERSION = YES;
				GCC_WARN_ABOUT_RETURN_TYPE = YES_ERROR;
				GCC_WARN_UNDECLARED_SELECTOR = YES;
				GCC_WARN_UNINITIALIZED_AUTOS = YES_AGGRESSIVE;
				GCC_WARN_UNUSED_FUNCTION = YES;
				GCC_WARN_UNUSED_VARIABLE = YES;
				IPHONEOS_DEPLOYMENT_TARGET = 15.0;
				MTL_ENABLE_DEBUG_INFO = INCLUDE_SOURCE;
				MTL_FAST_MATH = YES;
				ONLY_ACTIVE_ARCH = YES;
				SDKROOT = iphoneos;
				SWIFT_ACTIVE_COMPILATION_CONDITIONS = DEBUG;
				SWIFT_OPTIMIZATION_LEVEL = "-Onone";
			};
			name = Debug;
		};
		DFEAAEF4298AFC2F00A98B8A /* Release */ = {
			isa = XCBuildConfiguration;
			baseConfigurationReference = DF3BD2F72992F184006D5E9D /* Config.xcconfig */;
			buildSettings = {
				ALWAYS_SEARCH_USER_PATHS = NO;
				CLANG_ANALYZER_NONNULL = YES;
				CLANG_ANALYZER_NUMBER_OBJECT_CONVERSION = YES_AGGRESSIVE;
				CLANG_CXX_LANGUAGE_STANDARD = "gnu++20";
				CLANG_ENABLE_MODULES = YES;
				CLANG_ENABLE_OBJC_ARC = YES;
				CLANG_ENABLE_OBJC_WEAK = YES;
				CLANG_WARN_BLOCK_CAPTURE_AUTORELEASING = YES;
				CLANG_WARN_BOOL_CONVERSION = YES;
				CLANG_WARN_COMMA = YES;
				CLANG_WARN_CONSTANT_CONVERSION = YES;
				CLANG_WARN_DEPRECATED_OBJC_IMPLEMENTATIONS = YES;
				CLANG_WARN_DIRECT_OBJC_ISA_USAGE = YES_ERROR;
				CLANG_WARN_DOCUMENTATION_COMMENTS = YES;
				CLANG_WARN_EMPTY_BODY = YES;
				CLANG_WARN_ENUM_CONVERSION = YES;
				CLANG_WARN_INFINITE_RECURSION = YES;
				CLANG_WARN_INT_CONVERSION = YES;
				CLANG_WARN_NON_LITERAL_NULL_CONVERSION = YES;
				CLANG_WARN_OBJC_IMPLICIT_RETAIN_SELF = YES;
				CLANG_WARN_OBJC_LITERAL_CONVERSION = YES;
				CLANG_WARN_OBJC_ROOT_CLASS = YES_ERROR;
				CLANG_WARN_QUOTED_INCLUDE_IN_FRAMEWORK_HEADER = YES;
				CLANG_WARN_RANGE_LOOP_ANALYSIS = YES;
				CLANG_WARN_STRICT_PROTOTYPES = YES;
				CLANG_WARN_SUSPICIOUS_MOVE = YES;
				CLANG_WARN_UNGUARDED_AVAILABILITY = YES_AGGRESSIVE;
				CLANG_WARN_UNREACHABLE_CODE = YES;
				CLANG_WARN__DUPLICATE_METHOD_MATCH = YES;
				COPY_PHASE_STRIP = NO;
				DEBUG_INFORMATION_FORMAT = "dwarf-with-dsym";
				ENABLE_NS_ASSERTIONS = NO;
				ENABLE_STRICT_OBJC_MSGSEND = YES;
				GCC_C_LANGUAGE_STANDARD = gnu11;
				GCC_NO_COMMON_BLOCKS = YES;
				GCC_WARN_64_TO_32_BIT_CONVERSION = YES;
				GCC_WARN_ABOUT_RETURN_TYPE = YES_ERROR;
				GCC_WARN_UNDECLARED_SELECTOR = YES;
				GCC_WARN_UNINITIALIZED_AUTOS = YES_AGGRESSIVE;
				GCC_WARN_UNUSED_FUNCTION = YES;
				GCC_WARN_UNUSED_VARIABLE = YES;
				IPHONEOS_DEPLOYMENT_TARGET = 15.0;
				MTL_ENABLE_DEBUG_INFO = NO;
				MTL_FAST_MATH = YES;
				SDKROOT = iphoneos;
				SWIFT_COMPILATION_MODE = wholemodule;
				SWIFT_OPTIMIZATION_LEVEL = "-O";
				VALIDATE_PRODUCT = YES;
			};
			name = Release;
		};
		DFEAAEF6298AFC2F00A98B8A /* Debug */ = {
			isa = XCBuildConfiguration;
			buildSettings = {
				ASSETCATALOG_COMPILER_APPICON_NAME = AppIcon;
				ASSETCATALOG_COMPILER_GLOBAL_ACCENT_COLOR_NAME = AccentColor;
				ASSETCATALOG_COMPILER_INCLUDE_ALL_APPICON_ASSETS = YES;
				CODE_SIGN_STYLE = Automatic;
				CURRENT_PROJECT_VERSION = 1;
				DEVELOPMENT_ASSET_PATHS = "\"NanoAPI/Preview Content\"";
				DEVELOPMENT_TEAM = RRUDNBUBWM;
				ENABLE_PREVIEWS = YES;
				GENERATE_INFOPLIST_FILE = YES;
				INFOPLIST_FILE = NanoAPI/Info.plist;
				INFOPLIST_KEY_CFBundleDisplayName = Legonation;
				INFOPLIST_KEY_LSApplicationCategoryType = "public.app-category.utilities";
				INFOPLIST_KEY_UIApplicationSceneManifest_Generation = YES;
				INFOPLIST_KEY_UIApplicationSupportsIndirectInputEvents = YES;
				INFOPLIST_KEY_UILaunchStoryboardName = LaunchScreen.storyboard;
				INFOPLIST_KEY_UISupportedInterfaceOrientations = UIInterfaceOrientationPortrait;
				IPHONEOS_DEPLOYMENT_TARGET = 15.0;
				LD_RUNPATH_SEARCH_PATHS = (
					"$(inherited)",
					"@executable_path/Frameworks",
				);
				MARKETING_VERSION = 1.0;
				PRODUCT_BUNDLE_IDENTIFIER = "Lucca-Lopes.NanoAPI";
				PRODUCT_NAME = "$(TARGET_NAME)";
				SWIFT_EMIT_LOC_STRINGS = YES;
				SWIFT_VERSION = 5.0;
				TARGETED_DEVICE_FAMILY = "1,2";
			};
			name = Debug;
		};
		DFEAAEF7298AFC2F00A98B8A /* Release */ = {
			isa = XCBuildConfiguration;
			buildSettings = {
				ASSETCATALOG_COMPILER_APPICON_NAME = AppIcon;
				ASSETCATALOG_COMPILER_GLOBAL_ACCENT_COLOR_NAME = AccentColor;
				ASSETCATALOG_COMPILER_INCLUDE_ALL_APPICON_ASSETS = YES;
				CODE_SIGN_STYLE = Automatic;
				CURRENT_PROJECT_VERSION = 1;
				DEVELOPMENT_ASSET_PATHS = "\"NanoAPI/Preview Content\"";
				DEVELOPMENT_TEAM = RRUDNBUBWM;
				ENABLE_PREVIEWS = YES;
				GENERATE_INFOPLIST_FILE = YES;
				INFOPLIST_FILE = NanoAPI/Info.plist;
				INFOPLIST_KEY_CFBundleDisplayName = Legonation;
				INFOPLIST_KEY_LSApplicationCategoryType = "public.app-category.utilities";
				INFOPLIST_KEY_UIApplicationSceneManifest_Generation = YES;
				INFOPLIST_KEY_UIApplicationSupportsIndirectInputEvents = YES;
				INFOPLIST_KEY_UILaunchStoryboardName = LaunchScreen.storyboard;
				INFOPLIST_KEY_UISupportedInterfaceOrientations = UIInterfaceOrientationPortrait;
				IPHONEOS_DEPLOYMENT_TARGET = 15.0;
				LD_RUNPATH_SEARCH_PATHS = (
					"$(inherited)",
					"@executable_path/Frameworks",
				);
				MARKETING_VERSION = 1.0;
				PRODUCT_BUNDLE_IDENTIFIER = "Lucca-Lopes.NanoAPI";
				PRODUCT_NAME = "$(TARGET_NAME)";
				SWIFT_EMIT_LOC_STRINGS = YES;
				SWIFT_VERSION = 5.0;
				TARGETED_DEVICE_FAMILY = "1,2";
			};
			name = Release;
		};
/* End XCBuildConfiguration section */

/* Begin XCConfigurationList section */
		DFEAAEE2298AFC2E00A98B8A /* Build configuration list for PBXProject "NanoAPI" */ = {
			isa = XCConfigurationList;
			buildConfigurations = (
				DFEAAEF3298AFC2F00A98B8A /* Debug */,
				DFEAAEF4298AFC2F00A98B8A /* Release */,
			);
			defaultConfigurationIsVisible = 0;
			defaultConfigurationName = Release;
		};
		DFEAAEF5298AFC2F00A98B8A /* Build configuration list for PBXNativeTarget "NanoAPI" */ = {
			isa = XCConfigurationList;
			buildConfigurations = (
				DFEAAEF6298AFC2F00A98B8A /* Debug */,
				DFEAAEF7298AFC2F00A98B8A /* Release */,
			);
			defaultConfigurationIsVisible = 0;
			defaultConfigurationName = Release;
		};
/* End XCConfigurationList section */
	};
	rootObject = DFEAAEDF298AFC2E00A98B8A /* Project object */;
}
